
Microsoft Visual Studio Solution File, Format Version 12.00
# Visual Studio Version 17
VisualStudioVersion = 17.10.34928.147
MinimumVisualStudioVersion = 10.0.40219.1
Project("{9A19103F-16F7-4668-BE54-9A1E7A4F7556}") = "MagicVilla_VillaAPI", "MagicVilla_VillaAPI\MagicVilla_VillaAPI.csproj", "{8DFA9C5F-D456-4A28-8510-CCB3FE68EF55}"
EndProject
Project("{FAE04EC0-301F-11D3-BF4B-00C04F79EFBC}") = "MagicVilla_Web", "MagicVilla_Web\MagicVilla_Web.csproj", "{5724E0EB-F5B2-4C0E-8029-2886F909A4F8}"
EndProject
Project("{FAE04EC0-301F-11D3-BF4B-00C04F79EFBC}") = "MagicVilla_Utility", "MagicVilla_Utility\MagicVilla_Utility.csproj", "{D72CC712-60AB-4573-87E7-B6123EA009B5}"
EndProject
Global
	GlobalSection(SolutionConfigurationPlatforms) = preSolution
		Debug|Any CPU = Debug|Any CPU
		Release|Any CPU = Release|Any CPU
	EndGlobalSection
	GlobalSection(ProjectConfigurationPlatforms) = postSolution
		{8DFA9C5F-D456-4A28-8510-CCB3FE68EF55}.Debug|Any CPU.ActiveCfg = Debug|Any CPU
		{8DFA9C5F-D456-4A28-8510-CCB3FE68EF55}.Debug|Any CPU.Build.0 = Debug|Any CPU
		{8DFA9C5F-D456-4A28-8510-CCB3FE68EF55}.Release|Any CPU.ActiveCfg = Release|Any CPU
		{8DFA9C5F-D456-4A28-8510-CCB3FE68EF55}.Release|Any CPU.Build.0 = Release|Any CPU
		{5724E0EB-F5B2-4C0E-8029-2886F909A4F8}.Debug|Any CPU.ActiveCfg = Debug|Any CPU
		{5724E0EB-F5B2-4C0E-8029-2886F909A4F8}.Debug|Any CPU.Build.0 = Debug|Any CPU
		{5724E0EB-F5B2-4C0E-8029-2886F909A4F8}.Release|Any CPU.ActiveCfg = Release|Any CPU
		{5724E0EB-F5B2-4C0E-8029-2886F909A4F8}.Release|Any CPU.Build.0 = Release|Any CPU
		{D72CC712-60AB-4573-87E7-B6123EA009B5}.Debug|Any CPU.ActiveCfg = Debug|Any CPU
		{D72CC712-60AB-4573-87E7-B6123EA009B5}.Debug|Any CPU.Build.0 = Debug|Any CPU
		{D72CC712-60AB-4573-87E7-B6123EA009B5}.Release|Any CPU.ActiveCfg = Release|Any CPU
		{D72CC712-60AB-4573-87E7-B6123EA009B5}.Release|Any CPU.Build.0 = Release|Any CPU
	EndGlobalSection
	GlobalSection(SolutionProperties) = preSolution
		HideSolutionNode = FALSE
	EndGlobalSection
	GlobalSection(ExtensibilityGlobals) = postSolution
		SolutionGuid = {10FF43C2-42CA-4D28-9C9F-FCC9C6DAEC00}
	EndGlobalSection
EndGlobal
